{
  "nodes": {
    "datum-src": {
      "flake": false,
      "locked": {
        "lastModified": 1769323415,
        "narHash": "sha256-9k/M7+rKa57CoiaXSHValwhqpue7yJLhsChLq2WrLxY=",
        "ref": "refs/heads/master",
        "rev": "eb63a28bc9634052fb6b9218b511939141a2c500",
        "revCount": 366,
        "type": "git",
        "url": "https://github.com/yortug/datum_gateway.git"
      },
      "original": {
        "rev": "eb63a28bc9634052fb6b9218b511939141a2c500",
        "type": "git",
        "url": "https://github.com/yortug/datum_gateway.git"
      }
    },
    "joinmarket-src": {
      "flake": false,
      "locked": {
        "lastModified": 1708593180,
        "narHash": "sha256-sYHhhp9BZz8udJuVAfwdt474OQPiye2ae5DOn5v5yEQ=",
        "owner": "JoinMarket-Org",
        "repo": "joinmarket-clientserver",
        "rev": "f4c2b1b86857762e1ca2fa6442bceb347523efda",
        "type": "github"
      },
      "original": {
        "owner": "JoinMarket-Org",
        "ref": "v0.9.11",
        "repo": "joinmarket-clientserver",
        "type": "github"
      }
    },
    "nixpkgs": {
      "locked": {
        "lastModified": 1769461804,
        "narHash": "sha256-msG8SU5WsBUfVVa/9RPLaymvi5bI8edTavbIq3vRlhI=",
        "owner": "NixOS",
        "repo": "nixpkgs",
        "rev": "bfc1b8a4574108ceef22f02bafcf6611380c100d",
        "type": "github"
      },
      "original": {
        "owner": "NixOS",
        "ref": "nixos-unstable",
        "repo": "nixpkgs",
        "type": "github"
      }
    },
    "nixpkgs-bip110": {
      "locked": {
        "lastModified": 1769086749,
        "narHash": "sha256-J6K4Cllv5Gul9V9aSx+wNXBsvS1M+iDXhm2aQZv9m7M=",
        "owner": "NixOS",
        "repo": "nixpkgs",
        "rev": "36df45c9ad4ed7924d85a7b2991dc64125d5af71",
        "type": "github"
      },
      "original": {
        "owner": "NixOS",
        "ref": "pull/482673/head",
        "repo": "nixpkgs",
        "type": "github"
      }
    },
    "old-nixpkgs": {
      "flake": false,
      "locked": {
        "lastModified": 1767313136,
        "narHash": "sha256-16KkgfdYqjaeRGBaYsNrhPRRENs0qzkQVUooNHtoy2w=",
        "owner": "NixOS",
        "repo": "nixpkgs",
        "rev": "ac62194c3917d5f474c1a844b6fd6da2db95077d",
        "type": "github"
      },
      "original": {
        "owner": "NixOS",
        "ref": "nixos-25.05",
        "repo": "nixpkgs",
        "type": "github"
      }
    },
    "root": {
      "inputs": {
        "datum-src": "datum-src",
        "joinmarket-src": "joinmarket-src",
        "nixpkgs": "nixpkgs",
        "nixpkgs-bip110": "nixpkgs-bip110",
        "old-nixpkgs": "old-nixpkgs"
      }
    }
  },
  "root": "root",
  "version": 7
}
