{
  "nodes": {
    "datum-src": {
      "flake": false,
      "locked": {
        "lastModified": 1767670605,
        "narHash": "sha256-EKU+c22t/vc9FC4wg7+p3C+dJO61ZIGsEn9c1q1TBFQ=",
        "ref": "refs/heads/master",
        "rev": "5b061233a3d3323771b2be98e17f543e59346619",
        "revCount": 364,
        "type": "git",
        "url": "https://github.com/OCEAN-xyz/datum_gateway.git"
      },
      "original": {
        "rev": "5b061233a3d3323771b2be98e17f543e59346619",
        "type": "git",
        "url": "https://github.com/OCEAN-xyz/datum_gateway.git"
      }
    },
    "nixpkgs": {
      "locked": {
        "lastModified": 1769170682,
        "narHash": "sha256-oMmN1lVQU0F0W2k6OI3bgdzp2YOHWYUAw79qzDSjenU=",
        "owner": "NixOS",
        "repo": "nixpkgs",
        "rev": "c5296fdd05cfa2c187990dd909864da9658df755",
        "type": "github"
      },
      "original": {
        "owner": "NixOS",
        "ref": "nixos-unstable",
        "repo": "nixpkgs",
        "type": "github"
      }
    },
    "nixpkgs-bip110": {
      "locked": {
        "lastModified": 1769086749,
        "narHash": "sha256-J6K4Cllv5Gul9V9aSx+wNXBsvS1M+iDXhm2aQZv9m7M=",
        "owner": "NixOS",
        "repo": "nixpkgs",
        "rev": "36df45c9ad4ed7924d85a7b2991dc64125d5af71",
        "type": "github"
      },
      "original": {
        "owner": "NixOS",
        "ref": "pull/482673/head",
        "repo": "nixpkgs",
        "type": "github"
      }
    },
    "root": {
      "inputs": {
        "datum-src": "datum-src",
        "nixpkgs": "nixpkgs",
        "nixpkgs-bip110": "nixpkgs-bip110"
      }
    }
  },
  "root": "root",
  "version": 7
}
